
Microsoft Visual Studio Solution File, Format Version 12.00
# Visual Studio 15
Project("{FAE04EC0-301F-11D3-BF4B-00C04F79EFBC}") = "Game-ez", "Assembly-CSharp.csproj", "{6CB4DCD5-8E57-77E9-C6FD-7B13415C2232}"
EndProject
Project("{FAE04EC0-301F-11D3-BF4B-00C04F79EFBC}") = "Game-ez", "Assembly-CSharp-Editor.csproj", "{9A6B5AF6-CAEB-8FEC-2982-91D1CF21A967}"
EndProject
Global
	GlobalSection(SolutionConfigurationPlatforms) = preSolution
		Debug|Any CPU = Debug|Any CPU
		Release|Any CPU = Release|Any CPU
	EndGlobalSection
	GlobalSection(ProjectConfigurationPlatforms) = postSolution
		{6CB4DCD5-8E57-77E9-C6FD-7B13415C2232}.Debug|Any CPU.ActiveCfg = Debug|Any CPU
		{6CB4DCD5-8E57-77E9-C6FD-7B13415C2232}.Debug|Any CPU.Build.0 = Debug|Any CPU
		{6CB4DCD5-8E57-77E9-C6FD-7B13415C2232}.Release|Any CPU.ActiveCfg = Release|Any CPU
		{6CB4DCD5-8E57-77E9-C6FD-7B13415C2232}.Release|Any CPU.Build.0 = Release|Any CPU
		{9A6B5AF6-CAEB-8FEC-2982-91D1CF21A967}.Debug|Any CPU.ActiveCfg = Debug|Any CPU
		{9A6B5AF6-CAEB-8FEC-2982-91D1CF21A967}.Debug|Any CPU.Build.0 = Debug|Any CPU
		{9A6B5AF6-CAEB-8FEC-2982-91D1CF21A967}.Release|Any CPU.ActiveCfg = Release|Any CPU
		{9A6B5AF6-CAEB-8FEC-2982-91D1CF21A967}.Release|Any CPU.Build.0 = Release|Any CPU
	EndGlobalSection
	GlobalSection(SolutionProperties) = preSolution
		HideSolutionNode = FALSE
	EndGlobalSection
EndGlobal
